// !$*UTF8*$!
{
	archiveVersion = 1;
	classes = {
	};
	objectVersion = 56;
	objects = {

/* Begin PBXBuildFile section */
		536175462E8267E40017C2FC /* Stroll_Task_1App.swift in Sources */ = {isa = PBXBuildFile; fileRef = 536175452E8267E40017C2FC /* Stroll_Task_1App.swift */; };
		536175482E8267E40017C2FC /* ContentView.swift in Sources */ = {isa = PBXBuildFile; fileRef = 536175472E8267E40017C2FC /* ContentView.swift */; };
		5361754A2E8267E50017C2FC /* Assets.xcassets in Resources */ = {isa = PBXBuildFile; fileRef = 536175492E8267E50017C2FC /* Assets.xcassets */; };
		5361754D2E8267E50017C2FC /* Preview Assets.xcassets in Resources */ = {isa = PBXBuildFile; fileRef = 5361754C2E8267E50017C2FC /* Preview Assets.xcassets */; };
		5361755B2E8277580017C2FC /* MatchesView.swift in Sources */ = {isa = PBXBuildFile; fileRef = 5361755A2E8277580017C2FC /* MatchesView.swift */; };
		5361755E2E8279C00017C2FC /* ProfileView.swift in Sources */ = {isa = PBXBuildFile; fileRef = 5361755D2E8279C00017C2FC /* ProfileView.swift */; };
		536175612E827A3B0017C2FC /* BonfireView.swift in Sources */ = {isa = PBXBuildFile; fileRef = 536175602E827A3B0017C2FC /* BonfireView.swift */; };
		536175642E827A670017C2FC /* CardsView.swift in Sources */ = {isa = PBXBuildFile; fileRef = 536175632E827A670017C2FC /* CardsView.swift */; };
		536175662E8286490017C2FC /* TurnView.swift in Sources */ = {isa = PBXBuildFile; fileRef = 536175652E8286490017C2FC /* TurnView.swift */; };
		536175812E828A440017C2FC /* proximanova_blackit.otf in Resources */ = {isa = PBXBuildFile; fileRef = 536175792E828A440017C2FC /* proximanova_blackit.otf */; };
		536175822E828A440017C2FC /* proximanova_extrabold.otf in Resources */ = {isa = PBXBuildFile; fileRef = 5361757A2E828A440017C2FC /* proximanova_extrabold.otf */; };
		536175832E828A440017C2FC /* proximanova_regular.ttf in Resources */ = {isa = PBXBuildFile; fileRef = 5361757B2E828A440017C2FC /* proximanova_regular.ttf */; };
		536175842E828A440017C2FC /* proximanova_black.otf in Resources */ = {isa = PBXBuildFile; fileRef = 5361757C2E828A440017C2FC /* proximanova_black.otf */; };
		536175852E828A440017C2FC /* proximanova_boldit.otf in Resources */ = {isa = PBXBuildFile; fileRef = 5361757D2E828A440017C2FC /* proximanova_boldit.otf */; };
		536175862E828A440017C2FC /* proximanova_bold.otf in Resources */ = {isa = PBXBuildFile; fileRef = 5361757E2E828A440017C2FC /* proximanova_bold.otf */; };
		536175872E828A440017C2FC /* proximanova_black.ttf in Resources */ = {isa = PBXBuildFile; fileRef = 5361757F2E828A440017C2FC /* proximanova_black.ttf */; };
		536175882E828A440017C2FC /* proximanova_light.otf in Resources */ = {isa = PBXBuildFile; fileRef = 536175802E828A440017C2FC /* proximanova_light.otf */; };
		5361758B2E8291260017C2FC /* MyFont.swift in Sources */ = {isa = PBXBuildFile; fileRef = 5361758A2E8291260017C2FC /* MyFont.swift */; };
		5361758D2E8292020017C2FC /* ChatView.swift in Sources */ = {isa = PBXBuildFile; fileRef = 5361758C2E8292020017C2FC /* ChatView.swift */; };
		536175902E82A9FC0017C2FC /* TurnModel.swift in Sources */ = {isa = PBXBuildFile; fileRef = 5361758F2E82A9FC0017C2FC /* TurnModel.swift */; };
		536175922E82AA6F0017C2FC /* TurnCardView.swift in Sources */ = {isa = PBXBuildFile; fileRef = 536175912E82AA6F0017C2FC /* TurnCardView.swift */; };
		536175942E82B9700017C2FC /* ChatModel.swift in Sources */ = {isa = PBXBuildFile; fileRef = 536175932E82B9700017C2FC /* ChatModel.swift */; };
		536175972E82BBAE0017C2FC /* ChatRowView.swift in Sources */ = {isa = PBXBuildFile; fileRef = 536175962E82BBAE0017C2FC /* ChatRowView.swift */; };
		536175992E82E23C0017C2FC /* proximanova_regularit.otf in Resources */ = {isa = PBXBuildFile; fileRef = 536175982E82E23C0017C2FC /* proximanova_regularit.otf */; };
		5361759B2E82E8510017C2FC /* proximanova_semibold.ttf in Resources */ = {isa = PBXBuildFile; fileRef = 5361759A2E82E8510017C2FC /* proximanova_semibold.ttf */; };
/* End PBXBuildFile section */

/* Begin PBXFileReference section */
		536175422E8267E40017C2FC /* Stroll Task 1.app */ = {isa = PBXFileReference; explicitFileType = wrapper.application; includeInIndex = 0; path = "Stroll Task 1.app"; sourceTree = BUILT_PRODUCTS_DIR; };
		536175452E8267E40017C2FC /* Stroll_Task_1App.swift */ = {isa = PBXFileReference; lastKnownFileType = sourcecode.swift; path = Stroll_Task_1App.swift; sourceTree = "<group>"; };
		536175472E8267E40017C2FC /* ContentView.swift */ = {isa = PBXFileReference; lastKnownFileType = sourcecode.swift; path = ContentView.swift; sourceTree = "<group>"; };
		536175492E8267E50017C2FC /* Assets.xcassets */ = {isa = PBXFileReference; lastKnownFileType = folder.assetcatalog; path = Assets.xcassets; sourceTree = "<group>"; };
		5361754C2E8267E50017C2FC /* Preview Assets.xcassets */ = {isa = PBXFileReference; lastKnownFileType = folder.assetcatalog; path = "Preview Assets.xcassets"; sourceTree = "<group>"; };
		5361755A2E8277580017C2FC /* MatchesView.swift */ = {isa = PBXFileReference; lastKnownFileType = sourcecode.swift; path = MatchesView.swift; sourceTree = "<group>"; };
		5361755D2E8279C00017C2FC /* ProfileView.swift */ = {isa = PBXFileReference; lastKnownFileType = sourcecode.swift; path = ProfileView.swift; sourceTree = "<group>"; };
		536175602E827A3B0017C2FC /* BonfireView.swift */ = {isa = PBXFileReference; lastKnownFileType = sourcecode.swift; path = BonfireView.swift; sourceTree = "<group>"; };
		536175632E827A670017C2FC /* CardsView.swift */ = {isa = PBXFileReference; lastKnownFileType = sourcecode.swift; path = CardsView.swift; sourceTree = "<group>"; };
		536175652E8286490017C2FC /* TurnView.swift */ = {isa = PBXFileReference; lastKnownFileType = sourcecode.swift; path = TurnView.swift; sourceTree = "<group>"; };
		536175792E828A440017C2FC /* proximanova_blackit.otf */ = {isa = PBXFileReference; lastKnownFileType = file; path = proximanova_blackit.otf; sourceTree = "<group>"; };
		5361757A2E828A440017C2FC /* proximanova_extrabold.otf */ = {isa = PBXFileReference; lastKnownFileType = file; path = proximanova_extrabold.otf; sourceTree = "<group>"; };
		5361757B2E828A440017C2FC /* proximanova_regular.ttf */ = {isa = PBXFileReference; lastKnownFileType = file; path = proximanova_regular.ttf; sourceTree = "<group>"; };
		5361757C2E828A440017C2FC /* proximanova_black.otf */ = {isa = PBXFileReference; lastKnownFileType = file; path = proximanova_black.otf; sourceTree = "<group>"; };
		5361757D2E828A440017C2FC /* proximanova_boldit.otf */ = {isa = PBXFileReference; lastKnownFileType = file; path = proximanova_boldit.otf; sourceTree = "<group>"; };
		5361757E2E828A440017C2FC /* proximanova_bold.otf */ = {isa = PBXFileReference; lastKnownFileType = file; path = proximanova_bold.otf; sourceTree = "<group>"; };
		5361757F2E828A440017C2FC /* proximanova_black.ttf */ = {isa = PBXFileReference; lastKnownFileType = file; path = proximanova_black.ttf; sourceTree = "<group>"; };
		536175802E828A440017C2FC /* proximanova_light.otf */ = {isa = PBXFileReference; lastKnownFileType = file; path = proximanova_light.otf; sourceTree = "<group>"; };
		536175892E828A5E0017C2FC /* Stroll-Task-1-Info.plist */ = {isa = PBXFileReference; lastKnownFileType = text.plist; path = "Stroll-Task-1-Info.plist"; sourceTree = SOURCE_ROOT; };
		5361758A2E8291260017C2FC /* MyFont.swift */ = {isa = PBXFileReference; lastKnownFileType = sourcecode.swift; path = MyFont.swift; sourceTree = "<group>"; };
		5361758C2E8292020017C2FC /* ChatView.swift */ = {isa = PBXFileReference; lastKnownFileType = sourcecode.swift; path = ChatView.swift; sourceTree = "<group>"; };
		5361758F2E82A9FC0017C2FC /* TurnModel.swift */ = {isa = PBXFileReference; lastKnownFileType = sourcecode.swift; path = TurnModel.swift; sourceTree = "<group>"; };
		536175912E82AA6F0017C2FC /* TurnCardView.swift */ = {isa = PBXFileReference; lastKnownFileType = sourcecode.swift; path = TurnCardView.swift; sourceTree = "<group>"; };
		536175932E82B9700017C2FC /* ChatModel.swift */ = {isa = PBXFileReference; lastKnownFileType = sourcecode.swift; path = ChatModel.swift; sourceTree = "<group>"; };
		536175962E82BBAE0017C2FC /* ChatRowView.swift */ = {isa = PBXFileReference; lastKnownFileType = sourcecode.swift; path = ChatRowView.swift; sourceTree = "<group>"; };
		536175982E82E23C0017C2FC /* proximanova_regularit.otf */ = {isa = PBXFileReference; lastKnownFileType = file; path = proximanova_regularit.otf; sourceTree = "<group>"; };
		5361759A2E82E8510017C2FC /* proximanova_semibold.ttf */ = {isa = PBXFileReference; lastKnownFileType = file; path = proximanova_semibold.ttf; sourceTree = "<group>"; };
/* End PBXFileReference section */

/* Begin PBXFrameworksBuildPhase section */
		5361753F2E8267E40017C2FC /* Frameworks */ = {
			isa = PBXFrameworksBuildPhase;
			buildActionMask = 2147483647;
			files = (
			);
			runOnlyForDeploymentPostprocessing = 0;
		};
/* End PBXFrameworksBuildPhase section */

/* Begin PBXGroup section */
		536175392E8267E40017C2FC = {
			isa = PBXGroup;
			children = (
				536175442E8267E40017C2FC /* Stroll Task 1 */,
				536175432E8267E40017C2FC /* Products */,
			);
			sourceTree = "<group>";
		};
		536175432E8267E40017C2FC /* Products */ = {
			isa = PBXGroup;
			children = (
				536175422E8267E40017C2FC /* Stroll Task 1.app */,
			);
			name = Products;
			sourceTree = "<group>";
		};
		536175442E8267E40017C2FC /* Stroll Task 1 */ = {
			isa = PBXGroup;
			children = (
				536175892E828A5E0017C2FC /* Stroll-Task-1-Info.plist */,
				536175782E828A350017C2FC /* Fonts */,
				536175542E8269650017C2FC /* Features */,
				536175532E8269590017C2FC /* App */,
				536175492E8267E50017C2FC /* Assets.xcassets */,
				5361754B2E8267E50017C2FC /* Preview Content */,
			);
			path = "Stroll Task 1";
			sourceTree = "<group>";
		};
		5361754B2E8267E50017C2FC /* Preview Content */ = {
			isa = PBXGroup;
			children = (
				5361754C2E8267E50017C2FC /* Preview Assets.xcassets */,
			);
			path = "Preview Content";
			sourceTree = "<group>";
		};
		536175532E8269590017C2FC /* App */ = {
			isa = PBXGroup;
			children = (
				536175452E8267E40017C2FC /* Stroll_Task_1App.swift */,
				536175472E8267E40017C2FC /* ContentView.swift */,
			);
			path = App;
			sourceTree = "<group>";
		};
		536175542E8269650017C2FC /* Features */ = {
			isa = PBXGroup;
			children = (
				536175582E8276FA0017C2FC /* Profile */,
				536175572E8276F60017C2FC /* Matches */,
				536175562E8276F00017C2FC /* Bonfire */,
				536175552E8276EA0017C2FC /* Cards */,
			);
			path = Features;
			sourceTree = "<group>";
		};
		536175552E8276EA0017C2FC /* Cards */ = {
			isa = PBXGroup;
			children = (
				536175622E827A5B0017C2FC /* Views */,
			);
			path = Cards;
			sourceTree = "<group>";
		};
		536175562E8276F00017C2FC /* Bonfire */ = {
			isa = PBXGroup;
			children = (
				5361755F2E827A300017C2FC /* Views */,
			);
			path = Bonfire;
			sourceTree = "<group>";
		};
		536175572E8276F60017C2FC /* Matches */ = {
			isa = PBXGroup;
			children = (
				5361758E2E82A9F20017C2FC /* Models */,
				536175592E8277220017C2FC /* Views */,
			);
			path = Matches;
			sourceTree = "<group>";
		};
		536175582E8276FA0017C2FC /* Profile */ = {
			isa = PBXGroup;
			children = (
				5361755C2E8279B70017C2FC /* Views */,
			);
			path = Profile;
			sourceTree = "<group>";
		};
		536175592E8277220017C2FC /* Views */ = {
			isa = PBXGroup;
			children = (
				5361755A2E8277580017C2FC /* MatchesView.swift */,
				536175652E8286490017C2FC /* TurnView.swift */,
				536175912E82AA6F0017C2FC /* TurnCardView.swift */,
				5361758C2E8292020017C2FC /* ChatView.swift */,
				536175962E82BBAE0017C2FC /* ChatRowView.swift */,
			);
			path = Views;
			sourceTree = "<group>";
		};
		5361755C2E8279B70017C2FC /* Views */ = {
			isa = PBXGroup;
			children = (
				5361755D2E8279C00017C2FC /* ProfileView.swift */,
			);
			path = Views;
			sourceTree = "<group>";
		};
		5361755F2E827A300017C2FC /* Views */ = {
			isa = PBXGroup;
			children = (
				536175602E827A3B0017C2FC /* BonfireView.swift */,
			);
			path = Views;
			sourceTree = "<group>";
		};
		536175622E827A5B0017C2FC /* Views */ = {
			isa = PBXGroup;
			children = (
				536175632E827A670017C2FC /* CardsView.swift */,
			);
			path = Views;
			sourceTree = "<group>";
		};
		536175782E828A350017C2FC /* Fonts */ = {
			isa = PBXGroup;
			children = (
				5361757C2E828A440017C2FC /* proximanova_black.otf */,
				5361757F2E828A440017C2FC /* proximanova_black.ttf */,
				536175792E828A440017C2FC /* proximanova_blackit.otf */,
				5361757E2E828A440017C2FC /* proximanova_bold.otf */,
				5361757D2E828A440017C2FC /* proximanova_boldit.otf */,
				5361757A2E828A440017C2FC /* proximanova_extrabold.otf */,
				536175802E828A440017C2FC /* proximanova_light.otf */,
				5361757B2E828A440017C2FC /* proximanova_regular.ttf */,
				536175982E82E23C0017C2FC /* proximanova_regularit.otf */,
				5361759A2E82E8510017C2FC /* proximanova_semibold.ttf */,
				5361758A2E8291260017C2FC /* MyFont.swift */,
			);
			path = Fonts;
			sourceTree = "<group>";
		};
		5361758E2E82A9F20017C2FC /* Models */ = {
			isa = PBXGroup;
			children = (
				5361758F2E82A9FC0017C2FC /* TurnModel.swift */,
				536175932E82B9700017C2FC /* ChatModel.swift */,
			);
			path = Models;
			sourceTree = "<group>";
		};
/* End PBXGroup section */

/* Begin PBXNativeTarget section */
		536175412E8267E40017C2FC /* Stroll Task 1 */ = {
			isa = PBXNativeTarget;
			buildConfigurationList = 536175502E8267E50017C2FC /* Build configuration list for PBXNativeTarget "Stroll Task 1" */;
			buildPhases = (
				5361753E2E8267E40017C2FC /* Sources */,
				5361753F2E8267E40017C2FC /* Frameworks */,
				536175402E8267E40017C2FC /* Resources */,
			);
			buildRules = (
			);
			dependencies = (
			);
			name = "Stroll Task 1";
			productName = "Stroll Task 1";
			productReference = 536175422E8267E40017C2FC /* Stroll Task 1.app */;
			productType = "com.apple.product-type.application";
		};
/* End PBXNativeTarget section */

/* Begin PBXProject section */
		5361753A2E8267E40017C2FC /* Project object */ = {
			isa = PBXProject;
			attributes = {
				BuildIndependentTargetsInParallel = 1;
				LastSwiftUpdateCheck = 1540;
				LastUpgradeCheck = 1540;
				TargetAttributes = {
					536175412E8267E40017C2FC = {
						CreatedOnToolsVersion = 15.4;
					};
				};
			};
			buildConfigurationList = 5361753D2E8267E40017C2FC /* Build configuration list for PBXProject "Stroll Task 1" */;
			compatibilityVersion = "Xcode 14.0";
			developmentRegion = en;
			hasScannedForEncodings = 0;
			knownRegions = (
				en,
				Base,
			);
			mainGroup = 536175392E8267E40017C2FC;
			productRefGroup = 536175432E8267E40017C2FC /* Products */;
			projectDirPath = "";
			projectRoot = "";
			targets = (
				536175412E8267E40017C2FC /* Stroll Task 1 */,
			);
		};
/* End PBXProject section */

/* Begin PBXResourcesBuildPhase section */
		536175402E8267E40017C2FC /* Resources */ = {
			isa = PBXResourcesBuildPhase;
			buildActionMask = 2147483647;
			files = (
				5361754D2E8267E50017C2FC /* Preview Assets.xcassets in Resources */,
				536175992E82E23C0017C2FC /* proximanova_regularit.otf in Resources */,
				536175822E828A440017C2FC /* proximanova_extrabold.otf in Resources */,
				536175842E828A440017C2FC /* proximanova_black.otf in Resources */,
				536175832E828A440017C2FC /* proximanova_regular.ttf in Resources */,
				5361754A2E8267E50017C2FC /* Assets.xcassets in Resources */,
				536175872E828A440017C2FC /* proximanova_black.ttf in Resources */,
				536175812E828A440017C2FC /* proximanova_blackit.otf in Resources */,
				536175852E828A440017C2FC /* proximanova_boldit.otf in Resources */,
				536175862E828A440017C2FC /* proximanova_bold.otf in Resources */,
				5361759B2E82E8510017C2FC /* proximanova_semibold.ttf in Resources */,
				536175882E828A440017C2FC /* proximanova_light.otf in Resources */,
			);
			runOnlyForDeploymentPostprocessing = 0;
		};
/* End PBXResourcesBuildPhase section */

/* Begin PBXSourcesBuildPhase section */
		5361753E2E8267E40017C2FC /* Sources */ = {
			isa = PBXSourcesBuildPhase;
			buildActionMask = 2147483647;
			files = (
				536175902E82A9FC0017C2FC /* TurnModel.swift in Sources */,
				536175642E827A670017C2FC /* CardsView.swift in Sources */,
				5361755E2E8279C00017C2FC /* ProfileView.swift in Sources */,
				536175482E8267E40017C2FC /* ContentView.swift in Sources */,
				5361755B2E8277580017C2FC /* MatchesView.swift in Sources */,
				536175972E82BBAE0017C2FC /* ChatRowView.swift in Sources */,
				5361758D2E8292020017C2FC /* ChatView.swift in Sources */,
				5361758B2E8291260017C2FC /* MyFont.swift in Sources */,
				536175662E8286490017C2FC /* TurnView.swift in Sources */,
				536175612E827A3B0017C2FC /* BonfireView.swift in Sources */,
				536175462E8267E40017C2FC /* Stroll_Task_1App.swift in Sources */,
				536175922E82AA6F0017C2FC /* TurnCardView.swift in Sources */,
				536175942E82B9700017C2FC /* ChatModel.swift in Sources */,
			);
			runOnlyForDeploymentPostprocessing = 0;
		};
/* End PBXSourcesBuildPhase section */

/* Begin XCBuildConfiguration section */
		5361754E2E8267E50017C2FC /* Debug */ = {
			isa = XCBuildConfiguration;
			buildSettings = {
				ALWAYS_SEARCH_USER_PATHS = NO;
				ASSETCATALOG_COMPILER_GENERATE_SWIFT_ASSET_SYMBOL_EXTENSIONS = YES;
				CLANG_ANALYZER_NONNULL = YES;
				CLANG_ANALYZER_NUMBER_OBJECT_CONVERSION = YES_AGGRESSIVE;
				CLANG_CXX_LANGUAGE_STANDARD = "gnu++20";
				CLANG_ENABLE_MODULES = YES;
				CLANG_ENABLE_OBJC_ARC = YES;
				CLANG_ENABLE_OBJC_WEAK = YES;
				CLANG_WARN_BLOCK_CAPTURE_AUTORELEASING = YES;
				CLANG_WARN_BOOL_CONVERSION = YES;
				CLANG_WARN_COMMA = YES;
				CLANG_WARN_CONSTANT_CONVERSION = YES;
				CLANG_WARN_DEPRECATED_OBJC_IMPLEMENTATIONS = YES;
				CLANG_WARN_DIRECT_OBJC_ISA_USAGE = YES_ERROR;
				CLANG_WARN_DOCUMENTATION_COMMENTS = YES;
				CLANG_WARN_EMPTY_BODY = YES;
				CLANG_WARN_ENUM_CONVERSION = YES;
				CLANG_WARN_INFINITE_RECURSION = YES;
				CLANG_WARN_INT_CONVERSION = YES;
				CLANG_WARN_NON_LITERAL_NULL_CONVERSION = YES;
				CLANG_WARN_OBJC_IMPLICIT_RETAIN_SELF = YES;
				CLANG_WARN_OBJC_LITERAL_CONVERSION = YES;
				CLANG_WARN_OBJC_ROOT_CLASS = YES_ERROR;
				CLANG_WARN_QUOTED_INCLUDE_IN_FRAMEWORK_HEADER = YES;
				CLANG_WARN_RANGE_LOOP_ANALYSIS = YES;
				CLANG_WARN_STRICT_PROTOTYPES = YES;
				CLANG_WARN_SUSPICIOUS_MOVE = YES;
				CLANG_WARN_UNGUARDED_AVAILABILITY = YES_AGGRESSIVE;
				CLANG_WARN_UNREACHABLE_CODE = YES;
				CLANG_WARN__DUPLICATE_METHOD_MATCH = YES;
				COPY_PHASE_STRIP = NO;
				DEBUG_INFORMATION_FORMAT = dwarf;
				ENABLE_STRICT_OBJC_MSGSEND = YES;
				ENABLE_TESTABILITY = YES;
				ENABLE_USER_SCRIPT_SANDBOXING = YES;
				GCC_C_LANGUAGE_STANDARD = gnu17;
				GCC_DYNAMIC_NO_PIC = NO;
				GCC_NO_COMMON_BLOCKS = YES;
				GCC_OPTIMIZATION_LEVEL = 0;
				GCC_PREPROCESSOR_DEFINITIONS = (
					"DEBUG=1",
					"$(inherited)",
				);
				GCC_WARN_64_TO_32_BIT_CONVERSION = YES;
				GCC_WARN_ABOUT_RETURN_TYPE = YES_ERROR;
				GCC_WARN_UNDECLARED_SELECTOR = YES;
				GCC_WARN_UNINITIALIZED_AUTOS = YES_AGGRESSIVE;
				GCC_WARN_UNUSED_FUNCTION = YES;
				GCC_WARN_UNUSED_VARIABLE = YES;
				IPHONEOS_DEPLOYMENT_TARGET = 17.5;
				LOCALIZATION_PREFERS_STRING_CATALOGS = YES;
				MTL_ENABLE_DEBUG_INFO = INCLUDE_SOURCE;
				MTL_FAST_MATH = YES;
				ONLY_ACTIVE_ARCH = YES;
				SDKROOT = iphoneos;
				SWIFT_ACTIVE_COMPILATION_CONDITIONS = "DEBUG $(inherited)";
				SWIFT_OPTIMIZATION_LEVEL = "-Onone";
			};
			name = Debug;
		};
		5361754F2E8267E50017C2FC /* Release */ = {
			isa = XCBuildConfiguration;
			buildSettings = {
				ALWAYS_SEARCH_USER_PATHS = NO;
				ASSETCATALOG_COMPILER_GENERATE_SWIFT_ASSET_SYMBOL_EXTENSIONS = YES;
				CLANG_ANALYZER_NONNULL = YES;
				CLANG_ANALYZER_NUMBER_OBJECT_CONVERSION = YES_AGGRESSIVE;
				CLANG_CXX_LANGUAGE_STANDARD = "gnu++20";
				CLANG_ENABLE_MODULES = YES;
				CLANG_ENABLE_OBJC_ARC = YES;
				CLANG_ENABLE_OBJC_WEAK = YES;
				CLANG_WARN_BLOCK_CAPTURE_AUTORELEASING = YES;
				CLANG_WARN_BOOL_CONVERSION = YES;
				CLANG_WARN_COMMA = YES;
				CLANG_WARN_CONSTANT_CONVERSION = YES;
				CLANG_WARN_DEPRECATED_OBJC_IMPLEMENTATIONS = YES;
				CLANG_WARN_DIRECT_OBJC_ISA_USAGE = YES_ERROR;
				CLANG_WARN_DOCUMENTATION_COMMENTS = YES;
				CLANG_WARN_EMPTY_BODY = YES;
				CLANG_WARN_ENUM_CONVERSION = YES;
				CLANG_WARN_INFINITE_RECURSION = YES;
				CLANG_WARN_INT_CONVERSION = YES;
				CLANG_WARN_NON_LITERAL_NULL_CONVERSION = YES;
				CLANG_WARN_OBJC_IMPLICIT_RETAIN_SELF = YES;
				CLANG_WARN_OBJC_LITERAL_CONVERSION = YES;
				CLANG_WARN_OBJC_ROOT_CLASS = YES_ERROR;
				CLANG_WARN_QUOTED_INCLUDE_IN_FRAMEWORK_HEADER = YES;
				CLANG_WARN_RANGE_LOOP_ANALYSIS = YES;
				CLANG_WARN_STRICT_PROTOTYPES = YES;
				CLANG_WARN_SUSPICIOUS_MOVE = YES;
				CLANG_WARN_UNGUARDED_AVAILABILITY = YES_AGGRESSIVE;
				CLANG_WARN_UNREACHABLE_CODE = YES;
				CLANG_WARN__DUPLICATE_METHOD_MATCH = YES;
				COPY_PHASE_STRIP = NO;
				DEBUG_INFORMATION_FORMAT = "dwarf-with-dsym";
				ENABLE_NS_ASSERTIONS = NO;
				ENABLE_STRICT_OBJC_MSGSEND = YES;
				ENABLE_USER_SCRIPT_SANDBOXING = YES;
				GCC_C_LANGUAGE_STANDARD = gnu17;
				GCC_NO_COMMON_BLOCKS = YES;
				GCC_WARN_64_TO_32_BIT_CONVERSION = YES;
				GCC_WARN_ABOUT_RETURN_TYPE = YES_ERROR;
				GCC_WARN_UNDECLARED_SELECTOR = YES;
				GCC_WARN_UNINITIALIZED_AUTOS = YES_AGGRESSIVE;
				GCC_WARN_UNUSED_FUNCTION = YES;
				GCC_WARN_UNUSED_VARIABLE = YES;
				IPHONEOS_DEPLOYMENT_TARGET = 17.5;
				LOCALIZATION_PREFERS_STRING_CATALOGS = YES;
				MTL_ENABLE_DEBUG_INFO = NO;
				MTL_FAST_MATH = YES;
				SDKROOT = iphoneos;
				SWIFT_COMPILATION_MODE = wholemodule;
				VALIDATE_PRODUCT = YES;
			};
			name = Release;
		};
		536175512E8267E50017C2FC /* Debug */ = {
			isa = XCBuildConfiguration;
			buildSettings = {
				ASSETCATALOG_COMPILER_APPICON_NAME = AppIcon;
				ASSETCATALOG_COMPILER_GLOBAL_ACCENT_COLOR_NAME = AccentColor;
				CODE_SIGN_STYLE = Automatic;
				CURRENT_PROJECT_VERSION = 1;
				DEVELOPMENT_ASSET_PATHS = "\"Stroll Task 1/Preview Content\"";
				DEVELOPMENT_TEAM = RV753K5W6M;
				ENABLE_PREVIEWS = YES;
				GENERATE_INFOPLIST_FILE = YES;
				INFOPLIST_FILE = "Stroll-Task-1-Info.plist";
				INFOPLIST_KEY_UIApplicationSceneManifest_Generation = YES;
				INFOPLIST_KEY_UIApplicationSupportsIndirectInputEvents = YES;
				INFOPLIST_KEY_UILaunchScreen_Generation = YES;
				INFOPLIST_KEY_UISupportedInterfaceOrientations_iPad = "UIInterfaceOrientationPortrait UIInterfaceOrientationPortraitUpsideDown UIInterfaceOrientationLandscapeLeft UIInterfaceOrientationLandscapeRight";
				INFOPLIST_KEY_UISupportedInterfaceOrientations_iPhone = "UIInterfaceOrientationPortrait UIInterfaceOrientationLandscapeLeft UIInterfaceOrientationLandscapeRight";
				IPHONEOS_DEPLOYMENT_TARGET = 16.0;
				LD_RUNPATH_SEARCH_PATHS = (
					"$(inherited)",
					"@executable_path/Frameworks",
				);
				MARKETING_VERSION = 1.0;
				PRODUCT_BUNDLE_IDENTIFIER = "everyone.Stroll-Task-1";
				PRODUCT_NAME = "$(TARGET_NAME)";
				SUPPORTED_PLATFORMS = "iphoneos iphonesimulator";
				SUPPORTS_MACCATALYST = NO;
				SUPPORTS_XR_DESIGNED_FOR_IPHONE_IPAD = NO;
				SWIFT_EMIT_LOC_STRINGS = YES;
				SWIFT_VERSION = 5.0;
				TARGETED_DEVICE_FAMILY = 1;
			};
			name = Debug;
		};
		536175522E8267E50017C2FC /* Release */ = {
			isa = XCBuildConfiguration;
			buildSettings = {
				ASSETCATALOG_COMPILER_APPICON_NAME = AppIcon;
				ASSETCATALOG_COMPILER_GLOBAL_ACCENT_COLOR_NAME = AccentColor;
				CODE_SIGN_STYLE = Automatic;
				CURRENT_PROJECT_VERSION = 1;
				DEVELOPMENT_ASSET_PATHS = "\"Stroll Task 1/Preview Content\"";
				DEVELOPMENT_TEAM = RV753K5W6M;
				ENABLE_PREVIEWS = YES;
				GENERATE_INFOPLIST_FILE = YES;
				INFOPLIST_FILE = "Stroll-Task-1-Info.plist";
				INFOPLIST_KEY_UIApplicationSceneManifest_Generation = YES;
				INFOPLIST_KEY_UIApplicationSupportsIndirectInputEvents = YES;
				INFOPLIST_KEY_UILaunchScreen_Generation = YES;
				INFOPLIST_KEY_UISupportedInterfaceOrientations_iPad = "UIInterfaceOrientationPortrait UIInterfaceOrientationPortraitUpsideDown UIInterfaceOrientationLandscapeLeft UIInterfaceOrientationLandscapeRight";
				INFOPLIST_KEY_UISupportedInterfaceOrientations_iPhone = "UIInterfaceOrientationPortrait UIInterfaceOrientationLandscapeLeft UIInterfaceOrientationLandscapeRight";
				IPHONEOS_DEPLOYMENT_TARGET = 16.0;
				LD_RUNPATH_SEARCH_PATHS = (
					"$(inherited)",
					"@executable_path/Frameworks",
				);
				MARKETING_VERSION = 1.0;
				PRODUCT_BUNDLE_IDENTIFIER = "everyone.Stroll-Task-1";
				PRODUCT_NAME = "$(TARGET_NAME)";
				SUPPORTED_PLATFORMS = "iphoneos iphonesimulator";
				SUPPORTS_MACCATALYST = NO;
				SUPPORTS_XR_DESIGNED_FOR_IPHONE_IPAD = NO;
				SWIFT_EMIT_LOC_STRINGS = YES;
				SWIFT_VERSION = 5.0;
				TARGETED_DEVICE_FAMILY = 1;
			};
			name = Release;
		};
/* End XCBuildConfiguration section */

/* Begin XCConfigurationList section */
		5361753D2E8267E40017C2FC /* Build configuration list for PBXProject "Stroll Task 1" */ = {
			isa = XCConfigurationList;
			buildConfigurations = (
				5361754E2E8267E50017C2FC /* Debug */,
				5361754F2E8267E50017C2FC /* Release */,
			);
			defaultConfigurationIsVisible = 0;
			defaultConfigurationName = Release;
		};
		536175502E8267E50017C2FC /* Build configuration list for PBXNativeTarget "Stroll Task 1" */ = {
			isa = XCConfigurationList;
			buildConfigurations = (
				536175512E8267E50017C2FC /* Debug */,
				536175522E8267E50017C2FC /* Release */,
			);
			defaultConfigurationIsVisible = 0;
			defaultConfigurationName = Release;
		};
/* End XCConfigurationList section */
	};
	rootObject = 5361753A2E8267E40017C2FC /* Project object */;
}
